
Microsoft Visual Studio Solution File, Format Version 12.00
# Visual Studio 15
VisualStudioVersion = 15.0.28307.329
MinimumVisualStudioVersion = 10.0.40219.1
Project("{8BC9CEB8-8B4A-11D0-8D11-00A0C91BC942}") = "yage", "yage\yage.vcxproj", "{E76C3F0D-86F2-490C-AC06-2261098420CC}"
EndProject
Global
	GlobalSection(SolutionConfigurationPlatforms) = preSolution
		Debug|x64 = Debug|x64
		Debug|x86 = Debug|x86
		Release_Benchmark|x64 = Release_Benchmark|x64
		Release_Benchmark|x86 = Release_Benchmark|x86
		Release_Logging|x64 = Release_Logging|x64
		Release_Logging|x86 = Release_Logging|x86
		Release|x64 = Release|x64
		Release|x86 = Release|x86
	EndGlobalSection
	GlobalSection(ProjectConfigurationPlatforms) = postSolution
		{E76C3F0D-86F2-490C-AC06-2261098420CC}.Debug|x64.ActiveCfg = Debug|x64
		{E76C3F0D-86F2-490C-AC06-2261098420CC}.Debug|x64.Build.0 = Debug|x64
		{E76C3F0D-86F2-490C-AC06-2261098420CC}.Debug|x86.ActiveCfg = Debug|Win32
		{E76C3F0D-86F2-490C-AC06-2261098420CC}.Debug|x86.Build.0 = Debug|Win32
		{E76C3F0D-86F2-490C-AC06-2261098420CC}.Release_Benchmark|x64.ActiveCfg = Release_Benchmark|x64
		{E76C3F0D-86F2-490C-AC06-2261098420CC}.Release_Benchmark|x64.Build.0 = Release_Benchmark|x64
		{E76C3F0D-86F2-490C-AC06-2261098420CC}.Release_Benchmark|x86.ActiveCfg = Release_Benchmark|Win32
		{E76C3F0D-86F2-490C-AC06-2261098420CC}.Release_Benchmark|x86.Build.0 = Release_Benchmark|Win32
		{E76C3F0D-86F2-490C-AC06-2261098420CC}.Release_Logging|x64.ActiveCfg = Release_Logging|x64
		{E76C3F0D-86F2-490C-AC06-2261098420CC}.Release_Logging|x64.Build.0 = Release_Logging|x64
		{E76C3F0D-86F2-490C-AC06-2261098420CC}.Release_Logging|x86.ActiveCfg = Release_Logging|Win32
		{E76C3F0D-86F2-490C-AC06-2261098420CC}.Release_Logging|x86.Build.0 = Release_Logging|Win32
		{E76C3F0D-86F2-490C-AC06-2261098420CC}.Release|x64.ActiveCfg = Release|x64
		{E76C3F0D-86F2-490C-AC06-2261098420CC}.Release|x64.Build.0 = Release|x64
		{E76C3F0D-86F2-490C-AC06-2261098420CC}.Release|x86.ActiveCfg = Release|Win32
		{E76C3F0D-86F2-490C-AC06-2261098420CC}.Release|x86.Build.0 = Release|Win32
	EndGlobalSection
	GlobalSection(SolutionProperties) = preSolution
		HideSolutionNode = FALSE
	EndGlobalSection
	GlobalSection(ExtensibilityGlobals) = postSolution
		SolutionGuid = {996332C6-B512-4CCE-ABB3-5C4D8543681F}
	EndGlobalSection
EndGlobal
